#MicroXplorer Configuration settings - do not modify
CAD.formats=
CAD.pinconfig=
CAD.provider=

ADC1.IPParameters=NbrOfConversion,ScanConvMode,ContinuousConvMode,DiscontinuousConvMode,ExternalTrigConv,ExternalTrigConvEdge,EOCSelection,OversamplingMode,Oversampling.Ratio,Oversampling.RightBitShift,Oversampling.TriggeredMode,ITMode,Rank-Regular-1\#ChannelRegularConversion,SamplingTime-Regular-1\#ChannelRegularConversion,Rank-Regular-2\#ChannelRegularConversion,SamplingTime-Regular-2\#ChannelRegularConversion,Rank-Regular-3\#ChannelRegularConversion,SamplingTime-Regular-3\#ChannelRegularConversion
ADC1.NbrOfConversion=3
ADC1.ScanConvMode=1
ADC1.ContinuousConvMode=DISABLE
ADC1.DiscontinuousConvMode=DISABLE
ADC1.ExternalTrigConv=ADC_EXTERNALTRIGCONV_T2_TRGO
ADC1.ExternalTrigConvEdge=ADC_EXTERNALTRIGCONVEDGE_RISING
ADC1.EOCSelection=ADC_EOC_SEQ_CONV
ADC1.OversamplingMode=ENABLE
ADC1.Oversampling.Ratio=ADC_OVERSAMPLING_RATIO_64
ADC1.Oversampling.RightBitShift=ADC_RIGHTBITSHIFT_2
ADC1.Oversampling.TriggeredMode=ADC_TRIGGEREDMODE_SINGLE_TRIGGER
ADC1.ITMode=1
ADC1.Rank-Regular-1\#ChannelRegularConversion=ADC_CHANNEL_11
ADC1.SamplingTime-Regular-1\#ChannelRegularConversion=ADC_SAMPLETIME_47CYCLES_5
ADC1.Rank-Regular-2\#ChannelRegularConversion=ADC_CHANNEL_13
ADC1.SamplingTime-Regular-2\#ChannelRegularConversion=ADC_SAMPLETIME_47CYCLES_5
ADC1.Rank-Regular-3\#ChannelRegularConversion=ADC_CHANNEL_5
ADC1.SamplingTime-Regular-3\#ChannelRegularConversion=ADC_SAMPLETIME_47CYCLES_5

ADC2.IPParameters=NbrOfConversion,ScanConvMode,ContinuousConvMode,OversamplingMode,Oversampling.Ratio,Oversampling.RightBitShift,Oversampling.TriggeredMode,Rank-Regular-1\#ChannelRegularConversion,SamplingTime-Regular-1\#ChannelRegularConversion,Rank-Regular-2\#ChannelRegularConversion,SamplingTime-Regular-2\#ChannelRegularConversion,Rank-Regular-3\#ChannelRegularConversion,SamplingTime-Regular-3\#ChannelRegularConversion,Rank-Regular-4\#ChannelRegularConversion,SamplingTime-Regular-4\#ChannelRegularConversion
ADC2.NbrOfConversion=4
ADC2.ScanConvMode=1
ADC2.ContinuousConvMode=DISABLE
ADC2.OversamplingMode=ENABLE
ADC2.Oversampling.Ratio=ADC_OVERSAMPLING_RATIO_16
ADC2.Oversampling.RightBitShift=ADC_RIGHTBITSHIFT_2
ADC2.Oversampling.TriggeredMode=ADC_TRIGGEREDMODE_SINGLE_TRIGGER
ADC2.Rank-Regular-1\#ChannelRegularConversion=ADC_CHANNEL_11
ADC2.SamplingTime-Regular-1\#ChannelRegularConversion=ADC_SAMPLETIME_47CYCLES_5
ADC2.Rank-Regular-2\#ChannelRegularConversion=ADC_CHANNEL_12
ADC2.SamplingTime-Regular-2\#ChannelRegularConversion=ADC_SAMPLETIME_47CYCLES_5
ADC2.Rank-Regular-3\#ChannelRegularConversion=ADC_CHANNEL_14
ADC2.SamplingTime-Regular-3\#ChannelRegularConversion=ADC_SAMPLETIME_47CYCLES_5
ADC2.Rank-Regular-4\#ChannelRegularConversion=ADC_CHANNEL_15
ADC2.SamplingTime-Regular-4\#ChannelRegularConversion=ADC_SAMPLETIME_47CYCLES_5

CORDIC.IPParameters=Function,NbWrite,NbRead,Precision,Width
CORDIC.Function=FUNCTION_COSINE
CORDIC.NbWrite=1
CORDIC.NbRead=2
CORDIC.Precision=PRECISION_6CYCLES
CORDIC.Width=CORDIC_WIDTH_32

CORTEX_M33_NS.IPParameters=default_mode_Activation,Number-Cortex_Memory_Protection_Unit_Region0_OTP_RO_AREAS_Settings
CORTEX_M33_NS.Number-Cortex_Memory_Protection_Unit_Region0_OTP_RO_AREAS_Settings=MPU_REGION_NUMBER0
CORTEX_M33_NS.default_mode_Activation=1
CORTEX_M33_NS.userName=CORTEX_M33

DAC1.IPParameters=Channel2\#DacChannel
DAC1.Channel2\#DacChannel=DAC_CHANNEL_2_ENABLE

FDCAN1.IPParameters=FrameFormat,NominalPrescaler,NominalSyncJumpWidth,NominalTimeSeg1,NominalTimeSeg2,DataPrescaler,DataSyncJumpWidth,DataTimeSeg1,DataTimeSeg2
FDCAN1.FrameFormat=FDCAN_FRAME_FD_BRS
FDCAN1.NominalPrescaler=5
FDCAN1.NominalSyncJumpWidth=4
FDCAN1.NominalTimeSeg1=18
FDCAN1.NominalTimeSeg2=6
FDCAN1.DataPrescaler=1
FDCAN1.DataSyncJumpWidth=3
FDCAN1.DataTimeSeg1=19
FDCAN1.DataTimeSeg2=5

File.Version=6
GPIO.groupedBy=

ICACHE.IPParameters=
ICACHE.Mode=DirectMappedCache

IWDG.IPParameters=Prescaler,Reload
IWDG.Prescaler=IWDG_PRESCALER_32
IWDG.Reload=99

KeepUserPlacement=false

LPTIM1.IPParameters=Clock.source
LPTIM1.Clock.source=LPTIM_CLOCKSOURCE_APBCLOCK_LPOSC

MMTAppRegionsCount=0
MMTConfigApplied=false
MMTSectionSuffix=

Mcu.CPN=STM32H562RGT6
Mcu.ContextProject=TrustZoneDisabled
Mcu.Family=STM32H5
Mcu.IP0=ADC1
Mcu.IP1=ADC2
Mcu.IP2=BOOTPATH
Mcu.IP3=CORDIC
Mcu.IP4=CORTEX_M33_NS
Mcu.IP5=DAC1
Mcu.IP6=FDCAN1
Mcu.IP7=ICACHE
Mcu.IP8=IWDG
Mcu.IP9=LPTIM1
Mcu.IP10=MEMORYMAP
Mcu.IP11=NVIC
Mcu.IP12=PWR
Mcu.IP13=RCC
Mcu.IP14=SYS
Mcu.IP15=TIM1
Mcu.IP16=TIM12
Mcu.IP17=TIM15
Mcu.IP18=TIM2
Mcu.IP19=TIM3
Mcu.IP20=TIM5
Mcu.IP21=TIM6
Mcu.IP22=TIM7
Mcu.IP23=TIM8
Mcu.IP24=USART3
Mcu.IP25=USB
Mcu.IPNb=26

Mcu.Name=STM32H562RGTx
Mcu.Package=LQFP64

Mcu.Pin0=VP_BOOTPATH_VS_BOOTPATH
Mcu.Pin1=VP_CORDIC_VS_CORDIC
Mcu.Pin2=VP_CORTEX_M33_NS_VS_Hclk
Mcu.Pin3=VP_ICACHE_VS_ICACHE
Mcu.Pin4=VP_IWDG_VS_IWDG
Mcu.Pin5=VP_LPTIM1_VS_LPTIM1
Mcu.Pin6=VP_MEMORYMAP_VS_MEMORYMAP
Mcu.Pin7=VP_PWR_VS_SECSignals
Mcu.Pin8=VP_PWR_VS_LPOM
Mcu.Pin9=VP_SYS_VS_Systick
Mcu.Pin10=VP_TIM5_VS_GlobalMode
Mcu.Pin11=VP_TIM6_VS_GlobalMode
Mcu.Pin12=VP_TIM7_VS_GlobalMode
Mcu.Pin13=VP_USB_DRD_FS_VS_USB_Device_FS
Mcu.Pin14=PA0
Mcu.Pin15=PA1
Mcu.Pin16=PA2
Mcu.Pin17=PA3
Mcu.Pin18=PA4
Mcu.Pin19=PA5
Mcu.Pin20=PA6
Mcu.Pin21=PA8
Mcu.Pin22=PA9
Mcu.Pin23=PA10
Mcu.Pin24=PA11
Mcu.Pin25=PA12
Mcu.Pin26=PA13
Mcu.Pin27=PA14
Mcu.Pin28=PB0
Mcu.Pin29=PB1
Mcu.Pin30=PB3
Mcu.Pin31=PB7
Mcu.Pin32=PB8
Mcu.Pin33=PB10
Mcu.Pin34=PB12
Mcu.Pin35=PB14
Mcu.Pin36=PB15
Mcu.Pin37=PC0
Mcu.Pin38=PC2
Mcu.Pin39=PC4
Mcu.Pin40=PC5
Mcu.Pin41=PC6
Mcu.Pin42=PC7
Mcu.Pin43=PC8
Mcu.Pin44=PC9
Mcu.Pin45=PC10
Mcu.Pin46=PC11
Mcu.Pin47=PC12
Mcu.Pin48=PC13
Mcu.Pin49=PH0-OSC_IN
Mcu.Pin50=PH1-OSC_OUT
Mcu.PinsNb=51
Mcu.ThirdPartyNb=0
Mcu.UserConstants=
Mcu.UserName=STM32H562RGTx

MxCube.Version=6.17.0
MxDb.Version=DB.6.0.170

NVIC.ADC1_2_IRQn=true\:5\:0\:false\:false\:true\:false\:false\:false
NVIC.BusFault_IRQn=true\:0\:0\:false\:false\:true\:false\:false\:false
NVIC.DebugMonitor_IRQn=true\:0\:0\:false\:false\:true\:false\:false\:false
NVIC.ForceEnableDMAVector=true
NVIC.HardFault_IRQn=true\:0\:0\:false\:false\:true\:false\:false\:false
NVIC.LPTIM1_IRQn=true\:10\:0\:false\:false\:true\:false\:false\:false
NVIC.MemoryManagement_IRQn=true\:0\:0\:false\:false\:true\:false\:false\:false
NVIC.NonMaskableInt_IRQn=true\:0\:0\:false\:false\:true\:false\:false\:false
NVIC.PendSV_IRQn=true\:0\:0\:false\:false\:true\:false\:false\:false
NVIC.PriorityGroup=NVIC_PRIORITYGROUP_4
NVIC.SVCall_IRQn=true\:0\:0\:false\:false\:true\:false\:false\:false
NVIC.SysTick_IRQn=true\:11\:0\:false\:false\:true\:false\:true\:false
NVIC.TIM1_BRK_TIM15_IRQn=true\:4\:0\:false\:false\:true\:false\:false\:false
NVIC.TIM1_CC_IRQn=true\:4\:0\:false\:false\:true\:false\:false\:false
NVIC.TIM2_IRQn=true\:1\:0\:false\:false\:true\:false\:false\:false
NVIC.TIM6_DAC_IRQn=true\:12\:0\:false\:false\:true\:false\:false\:false
NVIC.TIM7_IRQn=true\:11\:0\:false\:false\:true\:false\:false\:false
NVIC.TIM8_CC_IRQn=true\:4\:0\:false\:false\:true\:false\:false\:false
NVIC.USART3_IRQn=true\:8\:0\:false\:false\:true\:false\:false\:false
NVIC.UsageFault_IRQn=true\:0\:0\:false\:false\:true\:false\:false\:false

PA0.Mode=Input Capture direct mode
PA0.Signal=TIM2_CH1
PA0.userLabel=CKP

PA1.Mode=Input Capture direct mode
PA1.Signal=TIM2_CH2
PA1.userLabel=CMP

PA2.Locked=true
PA2.Signal=ADC12_INP14
PA2.userLabel=FUEL_PRESS

PA3.Locked=true
PA3.Signal=ADC12_INP15
PA3.userLabel=OIL_PRESS

PA4.Locked=true
PA4.Signal=ADC1_INP5
PA4.userLabel=O2_NARROW

PA5.Signal=DAC1_OUT2
PA5.userLabel=KNOCK_THRESHOLD

PA6.Mode=BKIN
PA6.Signal=TIM8_BKIN
PA6.userLabel=IGN_BKIN

PA8.Mode=Output Compare No Output
PA8.Signal=TIM1_CH1
PA8.userLabel=INJ1

PA9.Mode=Output Compare No Output
PA9.Signal=TIM1_CH2
PA9.userLabel=INJ2

PA10.Mode=Output Compare No Output
PA10.Signal=TIM1_CH3
PA10.userLabel=INJ3

PA11.Mode=Device_FS
PA11.Signal=USB_DRD_FS_DM

PA12.Mode=Device_FS
PA12.Signal=USB_DRD_FS_DP

PA13.Mode=Serial_Wire
PA13.Signal=SYS_JTMS-SWDIO

PA14.Mode=Serial_Wire
PA14.Signal=SYS_JTCK-SWCLK

PB0.Mode=PWM Generation CH3
PB0.Signal=TIM3_CH3
PB0.userLabel=IACV

PB1.Mode=PWM Generation CH4
PB1.Signal=TIM3_CH4
PB1.userLabel=WASTEGATE

PB3.GPIOParameters=GPIO_Label,GPIO_ModeDefaultOutputPP,GPIO_PuPdOD
PB3.GPIO_Label=FAN
PB3.GPIO_ModeDefaultOutputPP=GPIO_MODE_OUTPUT_PP
PB3.GPIO_PuPdOD=GPIO_NOPULL
PB3.Signal=GPIO_Output

PB7.Mode=TX
PB7.Signal=FDCAN1_TX

PB8.Mode=RX
PB8.Signal=FDCAN1_RX

PB10.GPIOParameters=GPIO_Label,GPIO_ModeDefaultOutputPP,GPIO_PuPdOD
PB10.GPIO_Label=FUEL_PUMP
PB10.GPIO_ModeDefaultOutputPP=GPIO_MODE_OUTPUT_PP
PB10.GPIO_PuPdOD=GPIO_NOPULL
PB10.Signal=GPIO_Output

PB12.Mode=BKIN
PB12.Signal=TIM1_BKIN
PB12.userLabel=INJ_BKIN

PB14.Mode=PWM Generation CH1
PB14.Signal=TIM12_CH1
PB14.userLabel=VVT_ESC

PB15.Mode=PWM Generation CH2
PB15.Signal=TIM12_CH2
PB15.userLabel=VVT_ADM

PC0.Locked=true
PC0.Signal=ADC1_INP11
PC0.userLabel=MAP

PC2.Locked=true
PC2.Signal=ADC1_INP13
PC2.userLabel=TPS

PC4.Locked=true
PC4.Signal=ADC2_INP11
PC4.userLabel=CLT

PC5.Locked=true
PC5.Signal=ADC2_INP12
PC5.userLabel=IAT

PC6.Mode=Output Compare No Output
PC6.Signal=TIM8_CH1
PC6.userLabel=IGN1

PC7.Mode=Output Compare No Output
PC7.Signal=TIM8_CH2
PC7.userLabel=IGN2

PC8.Mode=Output Compare No Output
PC8.Signal=TIM8_CH3
PC8.userLabel=IGN3

PC9.Mode=Output Compare No Output
PC9.Signal=TIM8_CH4
PC9.userLabel=IGN4

PC10.Mode=Asynchronous
PC10.Signal=USART3_TX

PC11.Mode=Asynchronous
PC11.Signal=USART3_RX

PC12.Mode=Output Compare No Output
PC12.Signal=TIM15_CH1
PC12.userLabel=INJ4

PC13.GPIOParameters=GPIO_Label,GPIO_ModeDefaultOutputPP,GPIO_PuPdOD
PC13.GPIO_Label=LED_BLUE
PC13.GPIO_ModeDefaultOutputPP=GPIO_MODE_OUTPUT_PP
PC13.GPIO_PuPdOD=GPIO_NOPULL
PC13.Signal=GPIO_Output

PCC.Checker=false
PCC.Display=Plot\: All Steps
PCC.Line=STM32H5x2
PCC.MCU=STM32H562RGTx
PCC.PartNumber=STM32H562RGTx
PCC.Series=STM32H5
PCC.Temperature=25
PCC.Vdd=3.3

PH0-OSC_IN.Mode=HSE-External-Oscillator
PH0-OSC_IN.Signal=RCC_OSC_IN

PH1-OSC_OUT.Mode=HSE-External-Oscillator
PH1-OSC_OUT.Signal=RCC_OSC_OUT

PinOutPanel.RotationAngle=0

ProjectManager.AskForMigrate=true
ProjectManager.BackupPrevious=false
ProjectManager.CompilerLinker=GCC
ProjectManager.CompilerOptimize=3
ProjectManager.ComputerToolchain=false
ProjectManager.CoupleFile=false
ProjectManager.CustomerFirmwarePackage=
ProjectManager.DefaultFWLocation=true
ProjectManager.DeletePrevious=true
ProjectManager.DeviceId=STM32H562RGTx
ProjectManager.FirmwarePackage=STM32Cube FW_H5 V1.6.0
ProjectManager.FreePins=false
ProjectManager.FreePinsContext=
ProjectManager.HalAssertFull=false
ProjectManager.HeapSize=0x1000
ProjectManager.KeepUserCode=true
ProjectManager.LastFirmware=true
ProjectManager.LibraryCopy=0
ProjectManager.MainLocation=Core/Src
ProjectManager.NoMain=false
ProjectManager.PreviousToolchain=
ProjectManager.ProjectBuild=false
ProjectManager.ProjectFileName=OpenEMS_H5.ioc
ProjectManager.ProjectName=OpenEMS_H5
ProjectManager.ProjectStructure=
ProjectManager.RegisterCallBack=
ProjectManager.StackSize=0x2000
ProjectManager.TargetToolchain=Makefile
ProjectManager.ToolChainLocation=
ProjectManager.UAScriptAfterPath=
ProjectManager.UAScriptBeforePath=
ProjectManager.UnderRoot=false
ProjectManager.functionlistsort=

RCC.ADCFreq_Value=62500000
RCC.AHBFreq_Value=250000000
RCC.APB1Freq_Value=125000000
RCC.APB1TimFreq_Value=250000000
RCC.APB2Freq_Value=125000000
RCC.APB2TimFreq_Value=250000000
RCC.APB3Freq_Value=125000000
RCC.CECFreq_Value=32000
RCC.CKPERFreq_Value=250000000
RCC.CRSFreq_Value=48000000
RCC.CSI_VALUE=4000000
RCC.CortexFreq_Value=250000000
RCC.DACFreq_Value=32768
RCC.EPOD_VALUE=8000000
RCC.FCLKCortexFreq_Value=250000000
RCC.FDCANFreq_Value=62500000
RCC.FamilyName=M
RCC.HCLKFreq_Value=250000000
RCC.HSE_VALUE=8000000
RCC.HSEState=RCC_HSE_ON
RCC.HSI48_VALUE=48000000
RCC.HSI48State=RCC_HSI48_ON
RCC.HSI_VALUE=64000000
RCC.I2C1Freq_Value=125000000
RCC.I2C2Freq_Value=125000000
RCC.I2C3Freq_Value=125000000
RCC.I2C4Freq_Value=125000000
RCC.I3C1Freq_Value=125000000
RCC.IPParameters=ADCFreq_Value,AHBFreq_Value,APB1Freq_Value,APB1TimFreq_Value,APB2Freq_Value,APB2TimFreq_Value,APB3Freq_Value,CECFreq_Value,CKPERFreq_Value,CRSFreq_Value,CSI_VALUE,CortexFreq_Value,DACFreq_Value,EPOD_VALUE,FCLKCortexFreq_Value,FDCANFreq_Value,FamilyName,HCLKFreq_Value,HSE_VALUE,HSEState,HSI48_VALUE,HSI48State,HSI_VALUE,I2C1Freq_Value,I2C2Freq_Value,I2C3Freq_Value,I2C4Freq_Value,I3C1Freq_Value,LPTIM1Freq_Value,LPTIM2Freq_Value,LPTIM3Freq_Value,LPTIM4Freq_Value,LPTIM5Freq_Value,LPTIM6Freq_Value,LPUART1Freq_Value,LSCOPinFreq_Value,LSE_VALUE,LSEState,LSIRC_VALUE,MCO1PinFreq_Value,MCO2PinFreq_Value,OCTOSPIMFreq_Value,PLL1ClockSource,PLL1DIVN,PLL1DIVM,PLL1DIVP,PLL1DIVP_Enable,PLL1DIVQ,PLL1DIVQ_Enable,PLL2PoutputFreq_Value,PLL2QoutputFreq_Value,PLL2RoutputFreq_Value,PLL3PoutputFreq_Value,PLL3QoutputFreq_Value,PLL3RoutputFreq_Value,PLLPoutputFreq_Value,PLLQoutputFreq_Value,PWRFreq_Value,RNGFreq_Value,SAI1Freq_Value,SAI2Freq_Value,SDMMC1Freq_Value,SPI1Freq_Value,SPI2Freq_Value,SPI3Freq_Value,SPI6Freq_Value,SYSCLKFreq_VALUE,SYSCLKSource,UART4Freq_Value,UART5Freq_Value,UART7Freq_Value,UCPD1outputFreq_Value,USART11Freq_Value,USART1Freq_Value,USART2Freq_Value,USART3Freq_Value,USART6Freq_Value,USBFreq_Value,VCOInput2Freq_Value,VCOInput3Freq_Value,VCOInputFreq_Value,VCOOutputFreq_Value,VCOPLL2OutputFreq_Value,VCOPLL3OutputFreq_Value
RCC.LPTIM1Freq_Value=32768
RCC.LPTIM2Freq_Value=125000000
RCC.LPTIM3Freq_Value=125000000
RCC.LPTIM4Freq_Value=125000000
RCC.LPTIM5Freq_Value=125000000
RCC.LPTIM6Freq_Value=125000000
RCC.LPUART1Freq_Value=125000000
RCC.LSCOPinFreq_Value=32000
RCC.LSE_VALUE=32768
RCC.LSEState=RCC_LSE_ON
RCC.LSIRC_VALUE=32000
RCC.MCO1PinFreq_Value=250000000
RCC.MCO2PinFreq_Value=250000000
RCC.OCTOSPIMFreq_Value=125000000
RCC.PLL1ClockSource=RCC_PLLSOURCE_HSE
RCC.PLL1DIVN=125
RCC.PLL1DIVM=1
RCC.PLL1DIVP=4
RCC.PLL1DIVP_Enable=1
RCC.PLL1DIVQ=16
RCC.PLL1DIVQ_Enable=1
RCC.PLL2PoutputFreq_Value=258000000
RCC.PLL2QoutputFreq_Value=258000000
RCC.PLL2RoutputFreq_Value=258000000
RCC.PLL3PoutputFreq_Value=258000000
RCC.PLL3QoutputFreq_Value=258000000
RCC.PLL3RoutputFreq_Value=258000000
RCC.PLLPoutputFreq_Value=250000000
RCC.PLLQoutputFreq_Value=62500000
RCC.PWRFreq_Value=125000000
RCC.RNGFreq_Value=48000000
RCC.SAI1Freq_Value=258000000
RCC.SAI2Freq_Value=258000000
RCC.SDMMC1Freq_Value=258000000
RCC.SPI1Freq_Value=125000000
RCC.SPI2Freq_Value=125000000
RCC.SPI3Freq_Value=125000000
RCC.SPI6Freq_Value=125000000
RCC.SYSCLKFreq_VALUE=250000000
RCC.SYSCLKSource=RCC_SYSCLKSOURCE_PLLCLK
RCC.UART4Freq_Value=125000000
RCC.UART5Freq_Value=125000000
RCC.UART7Freq_Value=125000000
RCC.UCPD1outputFreq_Value=125000000
RCC.USART11Freq_Value=125000000
RCC.USART1Freq_Value=125000000
RCC.USART2Freq_Value=125000000
RCC.USART3Freq_Value=125000000
RCC.USART6Freq_Value=125000000
RCC.USBFreq_Value=48000000
RCC.VCOInput2Freq_Value=4000000
RCC.VCOInput3Freq_Value=4000000
RCC.VCOInputFreq_Value=8000000
RCC.VCOOutputFreq_Value=1000000000
RCC.VCOPLL2OutputFreq_Value=516000000
RCC.VCOPLL3OutputFreq_Value=516000000

SYS.IPParameters=DebugInterface,SWDEnable
SYS.DebugInterface=DEBUG_SW
SYS.SWDEnable=1

TIM1.IPParameters=Channel1,Channel2,Channel3,MasterOutputTrigger,SlaveMode,TriggerSource,BDTR-DTG,BDTR-BKE,BDTR-LOCK,AutoReloadPreload
TIM1.Channel1=TIM_CHANNEL_1
TIM1.Channel2=TIM_CHANNEL_2
TIM1.Channel3=TIM_CHANNEL_3
TIM1.MasterOutputTrigger=TIM_TRGO_UPDATE
TIM1.SlaveMode=TIM_SLAVEMODE_RESET
TIM1.TriggerSource=TIM_TS_ITR3
TIM1.BDTR-DTG=2
TIM1.BDTR-BKE=TIM_BKEN_ENABLE
TIM1.BDTR-LOCK=TIM_LOCKLEVEL_2
TIM1.AutoReloadPreload=TIM_AUTORELOAD_PRELOAD_DISABLE

TIM12.IPParameters=Channel1,Channel2,AutoReloadPreload
TIM12.Channel1=TIM_CHANNEL_1
TIM12.Channel2=TIM_CHANNEL_2
TIM12.AutoReloadPreload=TIM_AUTORELOAD_PRELOAD_ENABLE

TIM15.IPParameters=Channel1,SlaveMode,TriggerSource,AutoReloadPreload
TIM15.Channel1=TIM_CHANNEL_1
TIM15.SlaveMode=TIM_SLAVEMODE_RESET
TIM15.TriggerSource=TIM_TS_ITR3
TIM15.AutoReloadPreload=TIM_AUTORELOAD_PRELOAD_DISABLE

TIM2.IPParameters=Channel1,Channel2,AutoReloadPreload
TIM2.Channel1=TIM_CHANNEL_1
TIM2.Channel2=TIM_CHANNEL_2
TIM2.AutoReloadPreload=TIM_AUTORELOAD_PRELOAD_DISABLE

TIM3.IPParameters=Channel3,Channel4,AutoReloadPreload
TIM3.Channel3=TIM_CHANNEL_3
TIM3.Channel4=TIM_CHANNEL_4
TIM3.AutoReloadPreload=TIM_AUTORELOAD_PRELOAD_ENABLE

TIM5.IPParameters=MasterOutputTrigger,AutoReloadPreload
TIM5.MasterOutputTrigger=TIM_TRGO_UPDATE
TIM5.AutoReloadPreload=TIM_AUTORELOAD_PRELOAD_DISABLE

TIM6.IPParameters=AutoReloadPreload,Prescaler,Period
TIM6.AutoReloadPreload=TIM_AUTORELOAD_PRELOAD_DISABLE
TIM6.Prescaler=249
TIM6.Period=65535

TIM7.IPParameters=AutoReloadPreload,Prescaler,Period
TIM7.AutoReloadPreload=TIM_AUTORELOAD_PRELOAD_DISABLE
TIM7.Prescaler=24999
TIM7.Period=9999

TIM8.IPParameters=Channel1,Channel2,Channel3,Channel4,SlaveMode,TriggerSource,BDTR-DTG,BDTR-BKE,BDTR-LOCK,AutoReloadPreload
TIM8.Channel1=TIM_CHANNEL_1
TIM8.Channel2=TIM_CHANNEL_2
TIM8.Channel3=TIM_CHANNEL_3
TIM8.Channel4=TIM_CHANNEL_4
TIM8.SlaveMode=TIM_SLAVEMODE_RESET
TIM8.TriggerSource=TIM_TS_ITR2
TIM8.BDTR-DTG=2
TIM8.BDTR-BKE=TIM_BKEN_ENABLE
TIM8.BDTR-LOCK=TIM_LOCKLEVEL_2
TIM8.AutoReloadPreload=TIM_AUTORELOAD_PRELOAD_DISABLE

USART3.IPParameters=BaudRate,Parity,StopBits,WordLength,Mode
USART3.BaudRate=115200
USART3.Parity=UART_PARITY_NONE
USART3.StopBits=UART_STOPBITS_1
USART3.WordLength=UART_WORDLENGTH_8B
USART3.Mode=UART_MODE_TX_RX

USB.IPParameters=VirtualMode-Device_FS
USB.VirtualMode-Device_FS=Device_FS

VP_BOOTPATH_VS_BOOTPATH.Mode=BP_Activate
VP_BOOTPATH_VS_BOOTPATH.Signal=BOOTPATH_VS_BOOTPATH

VP_CORDIC_VS_CORDIC.Mode=CORDIC_Activate
VP_CORDIC_VS_CORDIC.Signal=CORDIC_VS_CORDIC

VP_CORTEX_M33_NS_VS_Hclk.Mode=Hclk_Mode
VP_CORTEX_M33_NS_VS_Hclk.Signal=CORTEX_M33_NS_VS_Hclk

VP_ICACHE_VS_ICACHE.Mode=DirectMappedCache
VP_ICACHE_VS_ICACHE.Signal=ICACHE_VS_ICACHE

VP_IWDG_VS_IWDG.Mode=IWDG_Activate
VP_IWDG_VS_IWDG.Signal=IWDG_VS_IWDG

VP_LPTIM1_VS_LPTIM1.Mode=LPTIM_Activate
VP_LPTIM1_VS_LPTIM1.Signal=LPTIM1_VS_LPTIM1

VP_MEMORYMAP_VS_MEMORYMAP.Mode=CurAppReg
VP_MEMORYMAP_VS_MEMORYMAP.Signal=MEMORYMAP_VS_MEMORYMAP

VP_PWR_VS_LPOM.Mode=PowerOptimisation
VP_PWR_VS_LPOM.Signal=PWR_VS_LPOM

VP_PWR_VS_SECSignals.Mode=Security/Privilege
VP_PWR_VS_SECSignals.Signal=PWR_VS_SECSignals

VP_SYS_VS_Systick.Mode=SysTick
VP_SYS_VS_Systick.Signal=SYS_VS_Systick

VP_TIM5_VS_GlobalMode.Mode=Global_Mode
VP_TIM5_VS_GlobalMode.Signal=TIM5_VS_GlobalMode

VP_TIM6_VS_GlobalMode.Mode=Global_Mode
VP_TIM6_VS_GlobalMode.Signal=TIM6_VS_GlobalMode

VP_TIM7_VS_GlobalMode.Mode=Global_Mode
VP_TIM7_VS_GlobalMode.Signal=TIM7_VS_GlobalMode

VP_USB_DRD_FS_VS_USB_Device_FS.Mode=USB_Device_FS
VP_USB_DRD_FS_VS_USB_Device_FS.Signal=USB_DRD_FS_VS_USB_Device_FS

board=custom
